// !$*UTF8*$!
{
	archiveVersion = 1;
	classes = {
	};
	objectVersion = 50;
	objects = {

/* Begin PBXBuildFile section */
		024390DA23D6C5D0008478CB /* AppDelegate.swift in Sources */ = {isa = PBXBuildFile; fileRef = 024390D923D6C5D0008478CB /* AppDelegate.swift */; };
		024390DC23D6C5D0008478CB /* SceneDelegate.swift in Sources */ = {isa = PBXBuildFile; fileRef = 024390DB23D6C5D0008478CB /* SceneDelegate.swift */; };
		024390DE23D6C5D0008478CB /* ViewController.swift in Sources */ = {isa = PBXBuildFile; fileRef = 024390DD23D6C5D0008478CB /* ViewController.swift */; };
		024390E123D6C5D0008478CB /* Main.storyboard in Resources */ = {isa = PBXBuildFile; fileRef = 024390DF23D6C5D0008478CB /* Main.storyboard */; };
		024390E323D6C5D2008478CB /* Assets.xcassets in Resources */ = {isa = PBXBuildFile; fileRef = 024390E223D6C5D2008478CB /* Assets.xcassets */; };
		024390E623D6C5D2008478CB /* LaunchScreen.storyboard in Resources */ = {isa = PBXBuildFile; fileRef = 024390E423D6C5D2008478CB /* LaunchScreen.storyboard */; };
		024390F123D6C5D2008478CB /* RouteMapperPSTests.swift in Sources */ = {isa = PBXBuildFile; fileRef = 024390F023D6C5D2008478CB /* RouteMapperPSTests.swift */; };
		024390FC23D6C5D2008478CB /* RouteMapperPSUITests.swift in Sources */ = {isa = PBXBuildFile; fileRef = 024390FB23D6C5D2008478CB /* RouteMapperPSUITests.swift */; };
/* End PBXBuildFile section */

/* Begin PBXContainerItemProxy section */
		024390ED23D6C5D2008478CB /* PBXContainerItemProxy */ = {
			isa = PBXContainerItemProxy;
			containerPortal = 024390CE23D6C5D0008478CB /* Project object */;
			proxyType = 1;
			remoteGlobalIDString = 024390D523D6C5D0008478CB;
			remoteInfo = RouteMapperPS;
		};
		024390F823D6C5D2008478CB /* PBXContainerItemProxy */ = {
			isa = PBXContainerItemProxy;
			containerPortal = 024390CE23D6C5D0008478CB /* Project object */;
			proxyType = 1;
			remoteGlobalIDString = 024390D523D6C5D0008478CB;
			remoteInfo = RouteMapperPS;
		};
/* End PBXContainerItemProxy section */

/* Begin PBXFileReference section */
		024390D623D6C5D0008478CB /* RouteMapperPS.app */ = {isa = PBXFileReference; explicitFileType = wrapper.application; includeInIndex = 0; path = RouteMapperPS.app; sourceTree = BUILT_PRODUCTS_DIR; };
		024390D923D6C5D0008478CB /* AppDelegate.swift */ = {isa = PBXFileReference; lastKnownFileType = sourcecode.swift; path = AppDelegate.swift; sourceTree = "<group>"; };
		024390DB23D6C5D0008478CB /* SceneDelegate.swift */ = {isa = PBXFileReference; lastKnownFileType = sourcecode.swift; path = SceneDelegate.swift; sourceTree = "<group>"; };
		024390DD23D6C5D0008478CB /* ViewController.swift */ = {isa = PBXFileReference; lastKnownFileType = sourcecode.swift; path = ViewController.swift; sourceTree = "<group>"; };
		024390E023D6C5D0008478CB /* Base */ = {isa = PBXFileReference; lastKnownFileType = file.storyboard; name = Base; path = Base.lproj/Main.storyboard; sourceTree = "<group>"; };
		024390E223D6C5D2008478CB /* Assets.xcassets */ = {isa = PBXFileReference; lastKnownFileType = folder.assetcatalog; path = Assets.xcassets; sourceTree = "<group>"; };
		024390E523D6C5D2008478CB /* Base */ = {isa = PBXFileReference; lastKnownFileType = file.storyboard; name = Base; path = Base.lproj/LaunchScreen.storyboard; sourceTree = "<group>"; };
		024390E723D6C5D2008478CB /* Info.plist */ = {isa = PBXFileReference; lastKnownFileType = text.plist.xml; path = Info.plist; sourceTree = "<group>"; };
		024390EC23D6C5D2008478CB /* RouteMapperPSTests.xctest */ = {isa = PBXFileReference; explicitFileType = wrapper.cfbundle; includeInIndex = 0; path = RouteMapperPSTests.xctest; sourceTree = BUILT_PRODUCTS_DIR; };
		024390F023D6C5D2008478CB /* RouteMapperPSTests.swift */ = {isa = PBXFileReference; lastKnownFileType = sourcecode.swift; path = RouteMapperPSTests.swift; sourceTree = "<group>"; };
		024390F223D6C5D2008478CB /* Info.plist */ = {isa = PBXFileReference; lastKnownFileType = text.plist.xml; path = Info.plist; sourceTree = "<group>"; };
		024390F723D6C5D2008478CB /* RouteMapperPSUITests.xctest */ = {isa = PBXFileReference; explicitFileType = wrapper.cfbundle; includeInIndex = 0; path = RouteMapperPSUITests.xctest; sourceTree = BUILT_PRODUCTS_DIR; };
		024390FB23D6C5D2008478CB /* RouteMapperPSUITests.swift */ = {isa = PBXFileReference; lastKnownFileType = sourcecode.swift; path = RouteMapperPSUITests.swift; sourceTree = "<group>"; };
		024390FD23D6C5D2008478CB /* Info.plist */ = {isa = PBXFileReference; lastKnownFileType = text.plist.xml; path = Info.plist; sourceTree = "<group>"; };
/* End PBXFileReference section */

/* Begin PBXFrameworksBuildPhase section */
		024390D323D6C5D0008478CB /* Frameworks */ = {
			isa = PBXFrameworksBuildPhase;
			buildActionMask = 2147483647;
			files = (
			);
			runOnlyForDeploymentPostprocessing = 0;
		};
		024390E923D6C5D2008478CB /* Frameworks */ = {
			isa = PBXFrameworksBuildPhase;
			buildActionMask = 2147483647;
			files = (
			);
			runOnlyForDeploymentPostprocessing = 0;
		};
		024390F423D6C5D2008478CB /* Frameworks */ = {
			isa = PBXFrameworksBuildPhase;
			buildActionMask = 2147483647;
			files = (
			);
			runOnlyForDeploymentPostprocessing = 0;
		};
/* End PBXFrameworksBuildPhase section */

/* Begin PBXGroup section */
		024390CD23D6C5D0008478CB = {
			isa = PBXGroup;
			children = (
				024390D823D6C5D0008478CB /* RouteMapperPS */,
				024390EF23D6C5D2008478CB /* RouteMapperPSTests */,
				024390FA23D6C5D2008478CB /* RouteMapperPSUITests */,
				024390D723D6C5D0008478CB /* Products */,
			);
			sourceTree = "<group>";
		};
		024390D723D6C5D0008478CB /* Products */ = {
			isa = PBXGroup;
			children = (
				024390D623D6C5D0008478CB /* RouteMapperPS.app */,
				024390EC23D6C5D2008478CB /* RouteMapperPSTests.xctest */,
				024390F723D6C5D2008478CB /* RouteMapperPSUITests.xctest */,
			);
			name = Products;
			sourceTree = "<group>";
		};
		024390D823D6C5D0008478CB /* RouteMapperPS */ = {
			isa = PBXGroup;
			children = (
				024390D923D6C5D0008478CB /* AppDelegate.swift */,
				024390DB23D6C5D0008478CB /* SceneDelegate.swift */,
				024390DD23D6C5D0008478CB /* ViewController.swift */,
				024390DF23D6C5D0008478CB /* Main.storyboard */,
				024390E223D6C5D2008478CB /* Assets.xcassets */,
				024390E423D6C5D2008478CB /* LaunchScreen.storyboard */,
				024390E723D6C5D2008478CB /* Info.plist */,
			);
			path = RouteMapperPS;
			sourceTree = "<group>";
		};
		024390EF23D6C5D2008478CB /* RouteMapperPSTests */ = {
			isa = PBXGroup;
			children = (
				024390F023D6C5D2008478CB /* RouteMapperPSTests.swift */,
				024390F223D6C5D2008478CB /* Info.plist */,
			);
			path = RouteMapperPSTests;
			sourceTree = "<group>";
		};
		024390FA23D6C5D2008478CB /* RouteMapperPSUITests */ = {
			isa = PBXGroup;
			children = (
				024390FB23D6C5D2008478CB /* RouteMapperPSUITests.swift */,
				024390FD23D6C5D2008478CB /* Info.plist */,
			);
			path = RouteMapperPSUITests;
			sourceTree = "<group>";
		};
/* End PBXGroup section */

/* Begin PBXNativeTarget section */
		024390D523D6C5D0008478CB /* RouteMapperPS */ = {
			isa = PBXNativeTarget;
			buildConfigurationList = 0243910023D6C5D2008478CB /* Build configuration list for PBXNativeTarget "RouteMapperPS" */;
			buildPhases = (
				024390D223D6C5D0008478CB /* Sources */,
				024390D323D6C5D0008478CB /* Frameworks */,
				024390D423D6C5D0008478CB /* Resources */,
			);
			buildRules = (
			);
			dependencies = (
			);
			name = RouteMapperPS;
			productName = RouteMapperPS;
			productReference = 024390D623D6C5D0008478CB /* RouteMapperPS.app */;
			productType = "com.apple.product-type.application";
		};
		024390EB23D6C5D2008478CB /* RouteMapperPSTests */ = {
			isa = PBXNativeTarget;
			buildConfigurationList = 0243910323D6C5D2008478CB /* Build configuration list for PBXNativeTarget "RouteMapperPSTests" */;
			buildPhases = (
				024390E823D6C5D2008478CB /* Sources */,
				024390E923D6C5D2008478CB /* Frameworks */,
				024390EA23D6C5D2008478CB /* Resources */,
			);
			buildRules = (
			);
			dependencies = (
				024390EE23D6C5D2008478CB /* PBXTargetDependency */,
			);
			name = RouteMapperPSTests;
			productName = RouteMapperPSTests;
			productReference = 024390EC23D6C5D2008478CB /* RouteMapperPSTests.xctest */;
			productType = "com.apple.product-type.bundle.unit-test";
		};
		024390F623D6C5D2008478CB /* RouteMapperPSUITests */ = {
			isa = PBXNativeTarget;
			buildConfigurationList = 0243910623D6C5D2008478CB /* Build configuration list for PBXNativeTarget "RouteMapperPSUITests" */;
			buildPhases = (
				024390F323D6C5D2008478CB /* Sources */,
				024390F423D6C5D2008478CB /* Frameworks */,
				024390F523D6C5D2008478CB /* Resources */,
			);
			buildRules = (
			);
			dependencies = (
				024390F923D6C5D2008478CB /* PBXTargetDependency */,
			);
			name = RouteMapperPSUITests;
			productName = RouteMapperPSUITests;
			productReference = 024390F723D6C5D2008478CB /* RouteMapperPSUITests.xctest */;
			productType = "com.apple.product-type.bundle.ui-testing";
		};
/* End PBXNativeTarget section */

/* Begin PBXProject section */
		024390CE23D6C5D0008478CB /* Project object */ = {
			isa = PBXProject;
			attributes = {
				LastSwiftUpdateCheck = 1130;
				LastUpgradeCheck = 1130;
				ORGANIZATIONNAME = "Tristan Pudell-Spatscheck";
				TargetAttributes = {
					024390D523D6C5D0008478CB = {
						CreatedOnToolsVersion = 11.3;
					};
					024390EB23D6C5D2008478CB = {
						CreatedOnToolsVersion = 11.3;
						TestTargetID = 024390D523D6C5D0008478CB;
					};
					024390F623D6C5D2008478CB = {
						CreatedOnToolsVersion = 11.3;
						TestTargetID = 024390D523D6C5D0008478CB;
					};
				};
			};
			buildConfigurationList = 024390D123D6C5D0008478CB /* Build configuration list for PBXProject "RouteMapperPS" */;
			compatibilityVersion = "Xcode 9.3";
			developmentRegion = en;
			hasScannedForEncodings = 0;
			knownRegions = (
				en,
				Base,
			);
			mainGroup = 024390CD23D6C5D0008478CB;
			productRefGroup = 024390D723D6C5D0008478CB /* Products */;
			projectDirPath = "";
			projectRoot = "";
			targets = (
				024390D523D6C5D0008478CB /* RouteMapperPS */,
				024390EB23D6C5D2008478CB /* RouteMapperPSTests */,
				024390F623D6C5D2008478CB /* RouteMapperPSUITests */,
			);
		};
/* End PBXProject section */

/* Begin PBXResourcesBuildPhase section */
		024390D423D6C5D0008478CB /* Resources */ = {
			isa = PBXResourcesBuildPhase;
			buildActionMask = 2147483647;
			files = (
				024390E623D6C5D2008478CB /* LaunchScreen.storyboard in Resources */,
				024390E323D6C5D2008478CB /* Assets.xcassets in Resources */,
				024390E123D6C5D0008478CB /* Main.storyboard in Resources */,
			);
			runOnlyForDeploymentPostprocessing = 0;
		};
		024390EA23D6C5D2008478CB /* Resources */ = {
			isa = PBXResourcesBuildPhase;
			buildActionMask = 2147483647;
			files = (
			);
			runOnlyForDeploymentPostprocessing = 0;
		};
		024390F523D6C5D2008478CB /* Resources */ = {
			isa = PBXResourcesBuildPhase;
			buildActionMask = 2147483647;
			files = (
			);
			runOnlyForDeploymentPostprocessing = 0;
		};
/* End PBXResourcesBuildPhase section */

/* Begin PBXSourcesBuildPhase section */
		024390D223D6C5D0008478CB /* Sources */ = {
			isa = PBXSourcesBuildPhase;
			buildActionMask = 2147483647;
			files = (
				024390DE23D6C5D0008478CB /* ViewController.swift in Sources */,
				024390DA23D6C5D0008478CB /* AppDelegate.swift in Sources */,
				024390DC23D6C5D0008478CB /* SceneDelegate.swift in Sources */,
			);
			runOnlyForDeploymentPostprocessing = 0;
		};
		024390E823D6C5D2008478CB /* Sources */ = {
			isa = PBXSourcesBuildPhase;
			buildActionMask = 2147483647;
			files = (
				024390F123D6C5D2008478CB /* RouteMapperPSTests.swift in Sources */,
			);
			runOnlyForDeploymentPostprocessing = 0;
		};
		024390F323D6C5D2008478CB /* Sources */ = {
			isa = PBXSourcesBuildPhase;
			buildActionMask = 2147483647;
			files = (
				024390FC23D6C5D2008478CB /* RouteMapperPSUITests.swift in Sources */,
			);
			runOnlyForDeploymentPostprocessing = 0;
		};
/* End PBXSourcesBuildPhase section */

/* Begin PBXTargetDependency section */
		024390EE23D6C5D2008478CB /* PBXTargetDependency */ = {
			isa = PBXTargetDependency;
			target = 024390D523D6C5D0008478CB /* RouteMapperPS */;
			targetProxy = 024390ED23D6C5D2008478CB /* PBXContainerItemProxy */;
		};
		024390F923D6C5D2008478CB /* PBXTargetDependency */ = {
			isa = PBXTargetDependency;
			target = 024390D523D6C5D0008478CB /* RouteMapperPS */;
			targetProxy = 024390F823D6C5D2008478CB /* PBXContainerItemProxy */;
		};
/* End PBXTargetDependency section */

/* Begin PBXVariantGroup section */
		024390DF23D6C5D0008478CB /* Main.storyboard */ = {
			isa = PBXVariantGroup;
			children = (
				024390E023D6C5D0008478CB /* Base */,
			);
			name = Main.storyboard;
			sourceTree = "<group>";
		};
		024390E423D6C5D2008478CB /* LaunchScreen.storyboard */ = {
			isa = PBXVariantGroup;
			children = (
				024390E523D6C5D2008478CB /* Base */,
			);
			name = LaunchScreen.storyboard;
			sourceTree = "<group>";
		};
/* End PBXVariantGroup section */

/* Begin XCBuildConfiguration section */
		024390FE23D6C5D2008478CB /* Debug */ = {
			isa = XCBuildConfiguration;
			buildSettings = {
				ALWAYS_SEARCH_USER_PATHS = NO;
				CLANG_ANALYZER_NONNULL = YES;
				CLANG_ANALYZER_NUMBER_OBJECT_CONVERSION = YES_AGGRESSIVE;
				CLANG_CXX_LANGUAGE_STANDARD = "gnu++14";
				CLANG_CXX_LIBRARY = "libc++";
				CLANG_ENABLE_MODULES = YES;
				CLANG_ENABLE_OBJC_ARC = YES;
				CLANG_ENABLE_OBJC_WEAK = YES;
				CLANG_WARN_BLOCK_CAPTURE_AUTORELEASING = YES;
				CLANG_WARN_BOOL_CONVERSION = YES;
				CLANG_WARN_COMMA = YES;
				CLANG_WARN_CONSTANT_CONVERSION = YES;
				CLANG_WARN_DEPRECATED_OBJC_IMPLEMENTATIONS = YES;
				CLANG_WARN_DIRECT_OBJC_ISA_USAGE = YES_ERROR;
				CLANG_WARN_DOCUMENTATION_COMMENTS = YES;
				CLANG_WARN_EMPTY_BODY = YES;
				CLANG_WARN_ENUM_CONVERSION = YES;
				CLANG_WARN_INFINITE_RECURSION = YES;
				CLANG_WARN_INT_CONVERSION = YES;
				CLANG_WARN_NON_LITERAL_NULL_CONVERSION = YES;
				CLANG_WARN_OBJC_IMPLICIT_RETAIN_SELF = YES;
				CLANG_WARN_OBJC_LITERAL_CONVERSION = YES;
				CLANG_WARN_OBJC_ROOT_CLASS = YES_ERROR;
				CLANG_WARN_RANGE_LOOP_ANALYSIS = YES;
				CLANG_WARN_STRICT_PROTOTYPES = YES;
				CLANG_WARN_SUSPICIOUS_MOVE = YES;
				CLANG_WARN_UNGUARDED_AVAILABILITY = YES_AGGRESSIVE;
				CLANG_WARN_UNREACHABLE_CODE = YES;
				CLANG_WARN__DUPLICATE_METHOD_MATCH = YES;
				COPY_PHASE_STRIP = NO;
				DEBUG_INFORMATION_FORMAT = dwarf;
				ENABLE_STRICT_OBJC_MSGSEND = YES;
				ENABLE_TESTABILITY = YES;
				GCC_C_LANGUAGE_STANDARD = gnu11;
				GCC_DYNAMIC_NO_PIC = NO;
				GCC_NO_COMMON_BLOCKS = YES;
				GCC_OPTIMIZATION_LEVEL = 0;
				GCC_PREPROCESSOR_DEFINITIONS = (
					"DEBUG=1",
					"$(inherited)",
				);
				GCC_WARN_64_TO_32_BIT_CONVERSION = YES;
				GCC_WARN_ABOUT_RETURN_TYPE = YES_ERROR;
				GCC_WARN_UNDECLARED_SELECTOR = YES;
				GCC_WARN_UNINITIALIZED_AUTOS = YES_AGGRESSIVE;
				GCC_WARN_UNUSED_FUNCTION = YES;
				GCC_WARN_UNUSED_VARIABLE = YES;
				IPHONEOS_DEPLOYMENT_TARGET = 13.2;
				MTL_ENABLE_DEBUG_INFO = INCLUDE_SOURCE;
				MTL_FAST_MATH = YES;
				ONLY_ACTIVE_ARCH = YES;
				SDKROOT = iphoneos;
				SWIFT_ACTIVE_COMPILATION_CONDITIONS = DEBUG;
				SWIFT_OPTIMIZATION_LEVEL = "-Onone";
			};
			name = Debug;
		};
		024390FF23D6C5D2008478CB /* Release */ = {
			isa = XCBuildConfiguration;
			buildSettings = {
				ALWAYS_SEARCH_USER_PATHS = NO;
				CLANG_ANALYZER_NONNULL = YES;
				CLANG_ANALYZER_NUMBER_OBJECT_CONVERSION = YES_AGGRESSIVE;
				CLANG_CXX_LANGUAGE_STANDARD = "gnu++14";
				CLANG_CXX_LIBRARY = "libc++";
				CLANG_ENABLE_MODULES = YES;
				CLANG_ENABLE_OBJC_ARC = YES;
				CLANG_ENABLE_OBJC_WEAK = YES;
				CLANG_WARN_BLOCK_CAPTURE_AUTORELEASING = YES;
				CLANG_WARN_BOOL_CONVERSION = YES;
				CLANG_WARN_COMMA = YES;
				CLANG_WARN_CONSTANT_CONVERSION = YES;
				CLANG_WARN_DEPRECATED_OBJC_IMPLEMENTATIONS = YES;
				CLANG_WARN_DIRECT_OBJC_ISA_USAGE = YES_ERROR;
				CLANG_WARN_DOCUMENTATION_COMMENTS = YES;
				CLANG_WARN_EMPTY_BODY = YES;
				CLANG_WARN_ENUM_CONVERSION = YES;
				CLANG_WARN_INFINITE_RECURSION = YES;
				CLANG_WARN_INT_CONVERSION = YES;
				CLANG_WARN_NON_LITERAL_NULL_CONVERSION = YES;
				CLANG_WARN_OBJC_IMPLICIT_RETAIN_SELF = YES;
				CLANG_WARN_OBJC_LITERAL_CONVERSION = YES;
				CLANG_WARN_OBJC_ROOT_CLASS = YES_ERROR;
				CLANG_WARN_RANGE_LOOP_ANALYSIS = YES;
				CLANG_WARN_STRICT_PROTOTYPES = YES;
				CLANG_WARN_SUSPICIOUS_MOVE = YES;
				CLANG_WARN_UNGUARDED_AVAILABILITY = YES_AGGRESSIVE;
				CLANG_WARN_UNREACHABLE_CODE = YES;
				CLANG_WARN__DUPLICATE_METHOD_MATCH = YES;
				COPY_PHASE_STRIP = NO;
				DEBUG_INFORMATION_FORMAT = "dwarf-with-dsym";
				ENABLE_NS_ASSERTIONS = NO;
				ENABLE_STRICT_OBJC_MSGSEND = YES;
				GCC_C_LANGUAGE_STANDARD = gnu11;
				GCC_NO_COMMON_BLOCKS = YES;
				GCC_WARN_64_TO_32_BIT_CONVERSION = YES;
				GCC_WARN_ABOUT_RETURN_TYPE = YES_ERROR;
				GCC_WARN_UNDECLARED_SELECTOR = YES;
				GCC_WARN_UNINITIALIZED_AUTOS = YES_AGGRESSIVE;
				GCC_WARN_UNUSED_FUNCTION = YES;
				GCC_WARN_UNUSED_VARIABLE = YES;
				IPHONEOS_DEPLOYMENT_TARGET = 13.2;
				MTL_ENABLE_DEBUG_INFO = NO;
				MTL_FAST_MATH = YES;
				SDKROOT = iphoneos;
				SWIFT_COMPILATION_MODE = wholemodule;
				SWIFT_OPTIMIZATION_LEVEL = "-O";
				VALIDATE_PRODUCT = YES;
			};
			name = Release;
		};
		0243910123D6C5D2008478CB /* Debug */ = {
			isa = XCBuildConfiguration;
			buildSettings = {
				ASSETCATALOG_COMPILER_APPICON_NAME = AppIcon;
				CODE_SIGN_STYLE = Automatic;
				DEVELOPMENT_TEAM = 9AAT6U7SLN;
				INFOPLIST_FILE = RouteMapperPS/Info.plist;
				LD_RUNPATH_SEARCH_PATHS = (
					"$(inherited)",
					"@executable_path/Frameworks",
				);
				PRODUCT_BUNDLE_IDENTIFIER = com.TAPS.RouteMapperPS;
				PRODUCT_NAME = "$(TARGET_NAME)";
				SWIFT_VERSION = 5.0;
				TARGETED_DEVICE_FAMILY = "1,2";
			};
			name = Debug;
		};
		0243910223D6C5D2008478CB /* Release */ = {
			isa = XCBuildConfiguration;
			buildSettings = {
				ASSETCATALOG_COMPILER_APPICON_NAME = AppIcon;
				CODE_SIGN_STYLE = Automatic;
				DEVELOPMENT_TEAM = 9AAT6U7SLN;
				INFOPLIST_FILE = RouteMapperPS/Info.plist;
				LD_RUNPATH_SEARCH_PATHS = (
					"$(inherited)",
					"@executable_path/Frameworks",
				);
				PRODUCT_BUNDLE_IDENTIFIER = com.TAPS.RouteMapperPS;
				PRODUCT_NAME = "$(TARGET_NAME)";
				SWIFT_VERSION = 5.0;
				TARGETED_DEVICE_FAMILY = "1,2";
			};
			name = Release;
		};
		0243910423D6C5D2008478CB /* Debug */ = {
			isa = XCBuildConfiguration;
			buildSettings = {
				ALWAYS_EMBED_SWIFT_STANDARD_LIBRARIES = YES;
				BUNDLE_LOADER = "$(TEST_HOST)";
				CODE_SIGN_STYLE = Automatic;
				DEVELOPMENT_TEAM = 9AAT6U7SLN;
				INFOPLIST_FILE = RouteMapperPSTests/Info.plist;
				IPHONEOS_DEPLOYMENT_TARGET = 13.2;
				LD_RUNPATH_SEARCH_PATHS = (
					"$(inherited)",
					"@executable_path/Frameworks",
					"@loader_path/Frameworks",
				);
				PRODUCT_BUNDLE_IDENTIFIER = com.TAPS.RouteMapperPSTests;
				PRODUCT_NAME = "$(TARGET_NAME)";
				SWIFT_VERSION = 5.0;
				TARGETED_DEVICE_FAMILY = "1,2";
				TEST_HOST = "$(BUILT_PRODUCTS_DIR)/RouteMapperPS.app/RouteMapperPS";
			};
			name = Debug;
		};
		0243910523D6C5D2008478CB /* Release */ = {
			isa = XCBuildConfiguration;
			buildSettings = {
				ALWAYS_EMBED_SWIFT_STANDARD_LIBRARIES = YES;
				BUNDLE_LOADER = "$(TEST_HOST)";
				CODE_SIGN_STYLE = Automatic;
				DEVELOPMENT_TEAM = 9AAT6U7SLN;
				INFOPLIST_FILE = RouteMapperPSTests/Info.plist;
				IPHONEOS_DEPLOYMENT_TARGET = 13.2;
				LD_RUNPATH_SEARCH_PATHS = (
					"$(inherited)",
					"@executable_path/Frameworks",
					"@loader_path/Frameworks",
				);
				PRODUCT_BUNDLE_IDENTIFIER = com.TAPS.RouteMapperPSTests;
				PRODUCT_NAME = "$(TARGET_NAME)";
				SWIFT_VERSION = 5.0;
				TARGETED_DEVICE_FAMILY = "1,2";
				TEST_HOST = "$(BUILT_PRODUCTS_DIR)/RouteMapperPS.app/RouteMapperPS";
			};
			name = Release;
		};
		0243910723D6C5D2008478CB /* Debug */ = {
			isa = XCBuildConfiguration;
			buildSettings = {
				ALWAYS_EMBED_SWIFT_STANDARD_LIBRARIES = YES;
				CODE_SIGN_STYLE = Automatic;
				DEVELOPMENT_TEAM = 9AAT6U7SLN;
				INFOPLIST_FILE = RouteMapperPSUITests/Info.plist;
				LD_RUNPATH_SEARCH_PATHS = (
					"$(inherited)",
					"@executable_path/Frameworks",
					"@loader_path/Frameworks",
				);
				PRODUCT_BUNDLE_IDENTIFIER = com.TAPS.RouteMapperPSUITests;
				PRODUCT_NAME = "$(TARGET_NAME)";
				SWIFT_VERSION = 5.0;
				TARGETED_DEVICE_FAMILY = "1,2";
				TEST_TARGET_NAME = RouteMapperPS;
			};
			name = Debug;
		};
		0243910823D6C5D2008478CB /* Release */ = {
			isa = XCBuildConfiguration;
			buildSettings = {
				ALWAYS_EMBED_SWIFT_STANDARD_LIBRARIES = YES;
				CODE_SIGN_STYLE = Automatic;
				DEVELOPMENT_TEAM = 9AAT6U7SLN;
				INFOPLIST_FILE = RouteMapperPSUITests/Info.plist;
				LD_RUNPATH_SEARCH_PATHS = (
					"$(inherited)",
					"@executable_path/Frameworks",
					"@loader_path/Frameworks",
				);
				PRODUCT_BUNDLE_IDENTIFIER = com.TAPS.RouteMapperPSUITests;
				PRODUCT_NAME = "$(TARGET_NAME)";
				SWIFT_VERSION = 5.0;
				TARGETED_DEVICE_FAMILY = "1,2";
				TEST_TARGET_NAME = RouteMapperPS;
			};
			name = Release;
		};
/* End XCBuildConfiguration section */

/* Begin XCConfigurationList section */
		024390D123D6C5D0008478CB /* Build configuration list for PBXProject "RouteMapperPS" */ = {
			isa = XCConfigurationList;
			buildConfigurations = (
				024390FE23D6C5D2008478CB /* Debug */,
				024390FF23D6C5D2008478CB /* Release */,
			);
			defaultConfigurationIsVisible = 0;
			defaultConfigurationName = Release;
		};
		0243910023D6C5D2008478CB /* Build configuration list for PBXNativeTarget "RouteMapperPS" */ = {
			isa = XCConfigurationList;
			buildConfigurations = (
				0243910123D6C5D2008478CB /* Debug */,
				0243910223D6C5D2008478CB /* Release */,
			);
			defaultConfigurationIsVisible = 0;
			defaultConfigurationName = Release;
		};
		0243910323D6C5D2008478CB /* Build configuration list for PBXNativeTarget "RouteMapperPSTests" */ = {
			isa = XCConfigurationList;
			buildConfigurations = (
				0243910423D6C5D2008478CB /* Debug */,
				0243910523D6C5D2008478CB /* Release */,
			);
			defaultConfigurationIsVisible = 0;
			defaultConfigurationName = Release;
		};
		0243910623D6C5D2008478CB /* Build configuration list for PBXNativeTarget "RouteMapperPSUITests" */ = {
			isa = XCConfigurationList;
			buildConfigurations = (
				0243910723D6C5D2008478CB /* Debug */,
				0243910823D6C5D2008478CB /* Release */,
			);
			defaultConfigurationIsVisible = 0;
			defaultConfigurationName = Release;
		};
/* End XCConfigurationList section */
	};
	rootObject = 024390CE23D6C5D0008478CB /* Project object */;
}
