// !$*UTF8*$!
{
	archiveVersion = 1;
	classes = {
	};
	objectVersion = 50;
	objects = {

/* Begin PBXBuildFile section */
		020E6F202383098700504075 /* TitleScene.sks in Resources */ = {isa = PBXBuildFile; fileRef = 020E6F1F2383098700504075 /* TitleScene.sks */; };
		020E6F2223830A3900504075 /* TitleScene.swift in Sources */ = {isa = PBXBuildFile; fileRef = 020E6F2123830A3900504075 /* TitleScene.swift */; };
		02BF0CC42386CD5F00DFC652 /* SWSHBattleTower.mp3 in Resources */ = {isa = PBXBuildFile; fileRef = 02BF0CC32386CD5F00DFC652 /* SWSHBattleTower.mp3 */; };
		02CA9B5623859B5300B0EA73 /* PBRSunnyPark.mp3 in Resources */ = {isa = PBXBuildFile; fileRef = 02CA9B5523859B5300B0EA73 /* PBRSunnyPark.mp3 */; };
		02F3DF842382E85900B3D815 /* AppDelegate.swift in Sources */ = {isa = PBXBuildFile; fileRef = 02F3DF832382E85900B3D815 /* AppDelegate.swift */; };
		02F3DF862382E85900B3D815 /* GameScene.sks in Resources */ = {isa = PBXBuildFile; fileRef = 02F3DF852382E85900B3D815 /* GameScene.sks */; };
		02F3DF882382E85900B3D815 /* Actions.sks in Resources */ = {isa = PBXBuildFile; fileRef = 02F3DF872382E85900B3D815 /* Actions.sks */; };
		02F3DF8A2382E85900B3D815 /* GameScene.swift in Sources */ = {isa = PBXBuildFile; fileRef = 02F3DF892382E85900B3D815 /* GameScene.swift */; };
		02F3DF8C2382E85900B3D815 /* GameViewController.swift in Sources */ = {isa = PBXBuildFile; fileRef = 02F3DF8B2382E85900B3D815 /* GameViewController.swift */; };
		02F3DF8F2382E85900B3D815 /* Main.storyboard in Resources */ = {isa = PBXBuildFile; fileRef = 02F3DF8D2382E85900B3D815 /* Main.storyboard */; };
		02F3DF912382E85C00B3D815 /* Assets.xcassets in Resources */ = {isa = PBXBuildFile; fileRef = 02F3DF902382E85C00B3D815 /* Assets.xcassets */; };
		02F3DF942382E85C00B3D815 /* LaunchScreen.storyboard in Resources */ = {isa = PBXBuildFile; fileRef = 02F3DF922382E85C00B3D815 /* LaunchScreen.storyboard */; };
		02F3DF9F2382E85C00B3D815 /* PongPSTests.swift in Sources */ = {isa = PBXBuildFile; fileRef = 02F3DF9E2382E85C00B3D815 /* PongPSTests.swift */; };
		02F3DFAA2382E85C00B3D815 /* PongPSUITests.swift in Sources */ = {isa = PBXBuildFile; fileRef = 02F3DFA92382E85C00B3D815 /* PongPSUITests.swift */; };
/* End PBXBuildFile section */

/* Begin PBXContainerItemProxy section */
		02F3DF9B2382E85C00B3D815 /* PBXContainerItemProxy */ = {
			isa = PBXContainerItemProxy;
			containerPortal = 02F3DF782382E85900B3D815 /* Project object */;
			proxyType = 1;
			remoteGlobalIDString = 02F3DF7F2382E85900B3D815;
			remoteInfo = PongPS;
		};
		02F3DFA62382E85C00B3D815 /* PBXContainerItemProxy */ = {
			isa = PBXContainerItemProxy;
			containerPortal = 02F3DF782382E85900B3D815 /* Project object */;
			proxyType = 1;
			remoteGlobalIDString = 02F3DF7F2382E85900B3D815;
			remoteInfo = PongPS;
		};
/* End PBXContainerItemProxy section */

/* Begin PBXFileReference section */
		020E6F1F2383098700504075 /* TitleScene.sks */ = {isa = PBXFileReference; lastKnownFileType = file.sks; path = TitleScene.sks; sourceTree = "<group>"; };
		020E6F2123830A3900504075 /* TitleScene.swift */ = {isa = PBXFileReference; lastKnownFileType = sourcecode.swift; path = TitleScene.swift; sourceTree = "<group>"; };
		02BF0CC32386CD5F00DFC652 /* SWSHBattleTower.mp3 */ = {isa = PBXFileReference; lastKnownFileType = audio.mp3; name = SWSHBattleTower.mp3; path = ../../../../Downloads/SWSHBattleTower.mp3; sourceTree = "<group>"; };
		02CA9B5523859B5300B0EA73 /* PBRSunnyPark.mp3 */ = {isa = PBXFileReference; lastKnownFileType = audio.mp3; name = PBRSunnyPark.mp3; path = ../../../../Downloads/PBRSunnyPark.mp3; sourceTree = "<group>"; };
		02F3DF802382E85900B3D815 /* PongPS.app */ = {isa = PBXFileReference; explicitFileType = wrapper.application; includeInIndex = 0; path = PongPS.app; sourceTree = BUILT_PRODUCTS_DIR; };
		02F3DF832382E85900B3D815 /* AppDelegate.swift */ = {isa = PBXFileReference; lastKnownFileType = sourcecode.swift; path = AppDelegate.swift; sourceTree = "<group>"; };
		02F3DF852382E85900B3D815 /* GameScene.sks */ = {isa = PBXFileReference; lastKnownFileType = file.sks; path = GameScene.sks; sourceTree = "<group>"; };
		02F3DF872382E85900B3D815 /* Actions.sks */ = {isa = PBXFileReference; lastKnownFileType = file.sks; path = Actions.sks; sourceTree = "<group>"; };
		02F3DF892382E85900B3D815 /* GameScene.swift */ = {isa = PBXFileReference; lastKnownFileType = sourcecode.swift; path = GameScene.swift; sourceTree = "<group>"; };
		02F3DF8B2382E85900B3D815 /* GameViewController.swift */ = {isa = PBXFileReference; lastKnownFileType = sourcecode.swift; path = GameViewController.swift; sourceTree = "<group>"; };
		02F3DF8E2382E85900B3D815 /* Base */ = {isa = PBXFileReference; lastKnownFileType = file.storyboard; name = Base; path = Base.lproj/Main.storyboard; sourceTree = "<group>"; };
		02F3DF902382E85C00B3D815 /* Assets.xcassets */ = {isa = PBXFileReference; lastKnownFileType = folder.assetcatalog; path = Assets.xcassets; sourceTree = "<group>"; };
		02F3DF932382E85C00B3D815 /* Base */ = {isa = PBXFileReference; lastKnownFileType = file.storyboard; name = Base; path = Base.lproj/LaunchScreen.storyboard; sourceTree = "<group>"; };
		02F3DF952382E85C00B3D815 /* Info.plist */ = {isa = PBXFileReference; lastKnownFileType = text.plist.xml; path = Info.plist; sourceTree = "<group>"; };
		02F3DF9A2382E85C00B3D815 /* PongPSTests.xctest */ = {isa = PBXFileReference; explicitFileType = wrapper.cfbundle; includeInIndex = 0; path = PongPSTests.xctest; sourceTree = BUILT_PRODUCTS_DIR; };
		02F3DF9E2382E85C00B3D815 /* PongPSTests.swift */ = {isa = PBXFileReference; lastKnownFileType = sourcecode.swift; path = PongPSTests.swift; sourceTree = "<group>"; };
		02F3DFA02382E85C00B3D815 /* Info.plist */ = {isa = PBXFileReference; lastKnownFileType = text.plist.xml; path = Info.plist; sourceTree = "<group>"; };
		02F3DFA52382E85C00B3D815 /* PongPSUITests.xctest */ = {isa = PBXFileReference; explicitFileType = wrapper.cfbundle; includeInIndex = 0; path = PongPSUITests.xctest; sourceTree = BUILT_PRODUCTS_DIR; };
		02F3DFA92382E85C00B3D815 /* PongPSUITests.swift */ = {isa = PBXFileReference; lastKnownFileType = sourcecode.swift; path = PongPSUITests.swift; sourceTree = "<group>"; };
		02F3DFAB2382E85C00B3D815 /* Info.plist */ = {isa = PBXFileReference; lastKnownFileType = text.plist.xml; path = Info.plist; sourceTree = "<group>"; };
/* End PBXFileReference section */

/* Begin PBXFrameworksBuildPhase section */
		02F3DF7D2382E85900B3D815 /* Frameworks */ = {
			isa = PBXFrameworksBuildPhase;
			buildActionMask = 2147483647;
			files = (
			);
			runOnlyForDeploymentPostprocessing = 0;
		};
		02F3DF972382E85C00B3D815 /* Frameworks */ = {
			isa = PBXFrameworksBuildPhase;
			buildActionMask = 2147483647;
			files = (
			);
			runOnlyForDeploymentPostprocessing = 0;
		};
		02F3DFA22382E85C00B3D815 /* Frameworks */ = {
			isa = PBXFrameworksBuildPhase;
			buildActionMask = 2147483647;
			files = (
			);
			runOnlyForDeploymentPostprocessing = 0;
		};
/* End PBXFrameworksBuildPhase section */

/* Begin PBXGroup section */
		02F3DF772382E85900B3D815 = {
			isa = PBXGroup;
			children = (
				02F3DF822382E85900B3D815 /* PongPS */,
				02F3DF9D2382E85C00B3D815 /* PongPSTests */,
				02F3DFA82382E85C00B3D815 /* PongPSUITests */,
				02F3DF812382E85900B3D815 /* Products */,
			);
			sourceTree = "<group>";
		};
		02F3DF812382E85900B3D815 /* Products */ = {
			isa = PBXGroup;
			children = (
				02F3DF802382E85900B3D815 /* PongPS.app */,
				02F3DF9A2382E85C00B3D815 /* PongPSTests.xctest */,
				02F3DFA52382E85C00B3D815 /* PongPSUITests.xctest */,
			);
			name = Products;
			sourceTree = "<group>";
		};
		02F3DF822382E85900B3D815 /* PongPS */ = {
			isa = PBXGroup;
			children = (
				02F3DF832382E85900B3D815 /* AppDelegate.swift */,
				02F3DF852382E85900B3D815 /* GameScene.sks */,
				020E6F1F2383098700504075 /* TitleScene.sks */,
				02F3DF872382E85900B3D815 /* Actions.sks */,
				02F3DF892382E85900B3D815 /* GameScene.swift */,
				020E6F2123830A3900504075 /* TitleScene.swift */,
				02F3DF8B2382E85900B3D815 /* GameViewController.swift */,
				02F3DF8D2382E85900B3D815 /* Main.storyboard */,
				02F3DF902382E85C00B3D815 /* Assets.xcassets */,
				02F3DF922382E85C00B3D815 /* LaunchScreen.storyboard */,
				02CA9B5523859B5300B0EA73 /* PBRSunnyPark.mp3 */,
				02BF0CC32386CD5F00DFC652 /* SWSHBattleTower.mp3 */,
				02F3DF952382E85C00B3D815 /* Info.plist */,
			);
			path = PongPS;
			sourceTree = "<group>";
		};
		02F3DF9D2382E85C00B3D815 /* PongPSTests */ = {
			isa = PBXGroup;
			children = (
				02F3DF9E2382E85C00B3D815 /* PongPSTests.swift */,
				02F3DFA02382E85C00B3D815 /* Info.plist */,
			);
			path = PongPSTests;
			sourceTree = "<group>";
		};
		02F3DFA82382E85C00B3D815 /* PongPSUITests */ = {
			isa = PBXGroup;
			children = (
				02F3DFA92382E85C00B3D815 /* PongPSUITests.swift */,
				02F3DFAB2382E85C00B3D815 /* Info.plist */,
			);
			path = PongPSUITests;
			sourceTree = "<group>";
		};
/* End PBXGroup section */

/* Begin PBXNativeTarget section */
		02F3DF7F2382E85900B3D815 /* PongPS */ = {
			isa = PBXNativeTarget;
			buildConfigurationList = 02F3DFAE2382E85C00B3D815 /* Build configuration list for PBXNativeTarget "PongPS" */;
			buildPhases = (
				02F3DF7C2382E85900B3D815 /* Sources */,
				02F3DF7D2382E85900B3D815 /* Frameworks */,
				02F3DF7E2382E85900B3D815 /* Resources */,
			);
			buildRules = (
			);
			dependencies = (
			);
			name = PongPS;
			productName = PongPS;
			productReference = 02F3DF802382E85900B3D815 /* PongPS.app */;
			productType = "com.apple.product-type.application";
		};
		02F3DF992382E85C00B3D815 /* PongPSTests */ = {
			isa = PBXNativeTarget;
			buildConfigurationList = 02F3DFB12382E85C00B3D815 /* Build configuration list for PBXNativeTarget "PongPSTests" */;
			buildPhases = (
				02F3DF962382E85C00B3D815 /* Sources */,
				02F3DF972382E85C00B3D815 /* Frameworks */,
				02F3DF982382E85C00B3D815 /* Resources */,
			);
			buildRules = (
			);
			dependencies = (
				02F3DF9C2382E85C00B3D815 /* PBXTargetDependency */,
			);
			name = PongPSTests;
			productName = PongPSTests;
			productReference = 02F3DF9A2382E85C00B3D815 /* PongPSTests.xctest */;
			productType = "com.apple.product-type.bundle.unit-test";
		};
		02F3DFA42382E85C00B3D815 /* PongPSUITests */ = {
			isa = PBXNativeTarget;
			buildConfigurationList = 02F3DFB42382E85C00B3D815 /* Build configuration list for PBXNativeTarget "PongPSUITests" */;
			buildPhases = (
				02F3DFA12382E85C00B3D815 /* Sources */,
				02F3DFA22382E85C00B3D815 /* Frameworks */,
				02F3DFA32382E85C00B3D815 /* Resources */,
			);
			buildRules = (
			);
			dependencies = (
				02F3DFA72382E85C00B3D815 /* PBXTargetDependency */,
			);
			name = PongPSUITests;
			productName = PongPSUITests;
			productReference = 02F3DFA52382E85C00B3D815 /* PongPSUITests.xctest */;
			productType = "com.apple.product-type.bundle.ui-testing";
		};
/* End PBXNativeTarget section */

/* Begin PBXProject section */
		02F3DF782382E85900B3D815 /* Project object */ = {
			isa = PBXProject;
			attributes = {
				LastSwiftUpdateCheck = 1110;
				LastUpgradeCheck = 1110;
				ORGANIZATIONNAME = "Tristan Pudell-Spatscheck";
				TargetAttributes = {
					02F3DF7F2382E85900B3D815 = {
						CreatedOnToolsVersion = 11.1;
					};
					02F3DF992382E85C00B3D815 = {
						CreatedOnToolsVersion = 11.1;
						TestTargetID = 02F3DF7F2382E85900B3D815;
					};
					02F3DFA42382E85C00B3D815 = {
						CreatedOnToolsVersion = 11.1;
						TestTargetID = 02F3DF7F2382E85900B3D815;
					};
				};
			};
			buildConfigurationList = 02F3DF7B2382E85900B3D815 /* Build configuration list for PBXProject "PongPS" */;
			compatibilityVersion = "Xcode 9.3";
			developmentRegion = en;
			hasScannedForEncodings = 0;
			knownRegions = (
				en,
				Base,
			);
			mainGroup = 02F3DF772382E85900B3D815;
			productRefGroup = 02F3DF812382E85900B3D815 /* Products */;
			projectDirPath = "";
			projectRoot = "";
			targets = (
				02F3DF7F2382E85900B3D815 /* PongPS */,
				02F3DF992382E85C00B3D815 /* PongPSTests */,
				02F3DFA42382E85C00B3D815 /* PongPSUITests */,
			);
		};
/* End PBXProject section */

/* Begin PBXResourcesBuildPhase section */
		02F3DF7E2382E85900B3D815 /* Resources */ = {
			isa = PBXResourcesBuildPhase;
			buildActionMask = 2147483647;
			files = (
				02F3DF8F2382E85900B3D815 /* Main.storyboard in Resources */,
				02F3DF862382E85900B3D815 /* GameScene.sks in Resources */,
				02F3DF912382E85C00B3D815 /* Assets.xcassets in Resources */,
				02BF0CC42386CD5F00DFC652 /* SWSHBattleTower.mp3 in Resources */,
				02CA9B5623859B5300B0EA73 /* PBRSunnyPark.mp3 in Resources */,
				02F3DF942382E85C00B3D815 /* LaunchScreen.storyboard in Resources */,
				02F3DF882382E85900B3D815 /* Actions.sks in Resources */,
				020E6F202383098700504075 /* TitleScene.sks in Resources */,
			);
			runOnlyForDeploymentPostprocessing = 0;
		};
		02F3DF982382E85C00B3D815 /* Resources */ = {
			isa = PBXResourcesBuildPhase;
			buildActionMask = 2147483647;
			files = (
			);
			runOnlyForDeploymentPostprocessing = 0;
		};
		02F3DFA32382E85C00B3D815 /* Resources */ = {
			isa = PBXResourcesBuildPhase;
			buildActionMask = 2147483647;
			files = (
			);
			runOnlyForDeploymentPostprocessing = 0;
		};
/* End PBXResourcesBuildPhase section */

/* Begin PBXSourcesBuildPhase section */
		02F3DF7C2382E85900B3D815 /* Sources */ = {
			isa = PBXSourcesBuildPhase;
			buildActionMask = 2147483647;
			files = (
				02F3DF8A2382E85900B3D815 /* GameScene.swift in Sources */,
				02F3DF8C2382E85900B3D815 /* GameViewController.swift in Sources */,
				02F3DF842382E85900B3D815 /* AppDelegate.swift in Sources */,
				020E6F2223830A3900504075 /* TitleScene.swift in Sources */,
			);
			runOnlyForDeploymentPostprocessing = 0;
		};
		02F3DF962382E85C00B3D815 /* Sources */ = {
			isa = PBXSourcesBuildPhase;
			buildActionMask = 2147483647;
			files = (
				02F3DF9F2382E85C00B3D815 /* PongPSTests.swift in Sources */,
			);
			runOnlyForDeploymentPostprocessing = 0;
		};
		02F3DFA12382E85C00B3D815 /* Sources */ = {
			isa = PBXSourcesBuildPhase;
			buildActionMask = 2147483647;
			files = (
				02F3DFAA2382E85C00B3D815 /* PongPSUITests.swift in Sources */,
			);
			runOnlyForDeploymentPostprocessing = 0;
		};
/* End PBXSourcesBuildPhase section */

/* Begin PBXTargetDependency section */
		02F3DF9C2382E85C00B3D815 /* PBXTargetDependency */ = {
			isa = PBXTargetDependency;
			target = 02F3DF7F2382E85900B3D815 /* PongPS */;
			targetProxy = 02F3DF9B2382E85C00B3D815 /* PBXContainerItemProxy */;
		};
		02F3DFA72382E85C00B3D815 /* PBXTargetDependency */ = {
			isa = PBXTargetDependency;
			target = 02F3DF7F2382E85900B3D815 /* PongPS */;
			targetProxy = 02F3DFA62382E85C00B3D815 /* PBXContainerItemProxy */;
		};
/* End PBXTargetDependency section */

/* Begin PBXVariantGroup section */
		02F3DF8D2382E85900B3D815 /* Main.storyboard */ = {
			isa = PBXVariantGroup;
			children = (
				02F3DF8E2382E85900B3D815 /* Base */,
			);
			name = Main.storyboard;
			sourceTree = "<group>";
		};
		02F3DF922382E85C00B3D815 /* LaunchScreen.storyboard */ = {
			isa = PBXVariantGroup;
			children = (
				02F3DF932382E85C00B3D815 /* Base */,
			);
			name = LaunchScreen.storyboard;
			sourceTree = "<group>";
		};
/* End PBXVariantGroup section */

/* Begin XCBuildConfiguration section */
		02F3DFAC2382E85C00B3D815 /* Debug */ = {
			isa = XCBuildConfiguration;
			buildSettings = {
				ALWAYS_SEARCH_USER_PATHS = NO;
				CLANG_ANALYZER_NONNULL = YES;
				CLANG_ANALYZER_NUMBER_OBJECT_CONVERSION = YES_AGGRESSIVE;
				CLANG_CXX_LANGUAGE_STANDARD = "gnu++14";
				CLANG_CXX_LIBRARY = "libc++";
				CLANG_ENABLE_MODULES = YES;
				CLANG_ENABLE_OBJC_ARC = YES;
				CLANG_ENABLE_OBJC_WEAK = YES;
				CLANG_WARN_BLOCK_CAPTURE_AUTORELEASING = YES;
				CLANG_WARN_BOOL_CONVERSION = YES;
				CLANG_WARN_COMMA = YES;
				CLANG_WARN_CONSTANT_CONVERSION = YES;
				CLANG_WARN_DEPRECATED_OBJC_IMPLEMENTATIONS = YES;
				CLANG_WARN_DIRECT_OBJC_ISA_USAGE = YES_ERROR;
				CLANG_WARN_DOCUMENTATION_COMMENTS = YES;
				CLANG_WARN_EMPTY_BODY = YES;
				CLANG_WARN_ENUM_CONVERSION = YES;
				CLANG_WARN_INFINITE_RECURSION = YES;
				CLANG_WARN_INT_CONVERSION = YES;
				CLANG_WARN_NON_LITERAL_NULL_CONVERSION = YES;
				CLANG_WARN_OBJC_IMPLICIT_RETAIN_SELF = YES;
				CLANG_WARN_OBJC_LITERAL_CONVERSION = YES;
				CLANG_WARN_OBJC_ROOT_CLASS = YES_ERROR;
				CLANG_WARN_RANGE_LOOP_ANALYSIS = YES;
				CLANG_WARN_STRICT_PROTOTYPES = YES;
				CLANG_WARN_SUSPICIOUS_MOVE = YES;
				CLANG_WARN_UNGUARDED_AVAILABILITY = YES_AGGRESSIVE;
				CLANG_WARN_UNREACHABLE_CODE = YES;
				CLANG_WARN__DUPLICATE_METHOD_MATCH = YES;
				COPY_PHASE_STRIP = NO;
				DEBUG_INFORMATION_FORMAT = dwarf;
				ENABLE_STRICT_OBJC_MSGSEND = YES;
				ENABLE_TESTABILITY = YES;
				GCC_C_LANGUAGE_STANDARD = gnu11;
				GCC_DYNAMIC_NO_PIC = NO;
				GCC_NO_COMMON_BLOCKS = YES;
				GCC_OPTIMIZATION_LEVEL = 0;
				GCC_PREPROCESSOR_DEFINITIONS = (
					"DEBUG=1",
					"$(inherited)",
				);
				GCC_WARN_64_TO_32_BIT_CONVERSION = YES;
				GCC_WARN_ABOUT_RETURN_TYPE = YES_ERROR;
				GCC_WARN_UNDECLARED_SELECTOR = YES;
				GCC_WARN_UNINITIALIZED_AUTOS = YES_AGGRESSIVE;
				GCC_WARN_UNUSED_FUNCTION = YES;
				GCC_WARN_UNUSED_VARIABLE = YES;
				IPHONEOS_DEPLOYMENT_TARGET = 13.2;
				MTL_ENABLE_DEBUG_INFO = INCLUDE_SOURCE;
				MTL_FAST_MATH = YES;
				ONLY_ACTIVE_ARCH = YES;
				SDKROOT = iphoneos;
				SWIFT_ACTIVE_COMPILATION_CONDITIONS = DEBUG;
				SWIFT_OPTIMIZATION_LEVEL = "-Onone";
			};
			name = Debug;
		};
		02F3DFAD2382E85C00B3D815 /* Release */ = {
			isa = XCBuildConfiguration;
			buildSettings = {
				ALWAYS_SEARCH_USER_PATHS = NO;
				CLANG_ANALYZER_NONNULL = YES;
				CLANG_ANALYZER_NUMBER_OBJECT_CONVERSION = YES_AGGRESSIVE;
				CLANG_CXX_LANGUAGE_STANDARD = "gnu++14";
				CLANG_CXX_LIBRARY = "libc++";
				CLANG_ENABLE_MODULES = YES;
				CLANG_ENABLE_OBJC_ARC = YES;
				CLANG_ENABLE_OBJC_WEAK = YES;
				CLANG_WARN_BLOCK_CAPTURE_AUTORELEASING = YES;
				CLANG_WARN_BOOL_CONVERSION = YES;
				CLANG_WARN_COMMA = YES;
				CLANG_WARN_CONSTANT_CONVERSION = YES;
				CLANG_WARN_DEPRECATED_OBJC_IMPLEMENTATIONS = YES;
				CLANG_WARN_DIRECT_OBJC_ISA_USAGE = YES_ERROR;
				CLANG_WARN_DOCUMENTATION_COMMENTS = YES;
				CLANG_WARN_EMPTY_BODY = YES;
				CLANG_WARN_ENUM_CONVERSION = YES;
				CLANG_WARN_INFINITE_RECURSION = YES;
				CLANG_WARN_INT_CONVERSION = YES;
				CLANG_WARN_NON_LITERAL_NULL_CONVERSION = YES;
				CLANG_WARN_OBJC_IMPLICIT_RETAIN_SELF = YES;
				CLANG_WARN_OBJC_LITERAL_CONVERSION = YES;
				CLANG_WARN_OBJC_ROOT_CLASS = YES_ERROR;
				CLANG_WARN_RANGE_LOOP_ANALYSIS = YES;
				CLANG_WARN_STRICT_PROTOTYPES = YES;
				CLANG_WARN_SUSPICIOUS_MOVE = YES;
				CLANG_WARN_UNGUARDED_AVAILABILITY = YES_AGGRESSIVE;
				CLANG_WARN_UNREACHABLE_CODE = YES;
				CLANG_WARN__DUPLICATE_METHOD_MATCH = YES;
				COPY_PHASE_STRIP = NO;
				DEBUG_INFORMATION_FORMAT = "dwarf-with-dsym";
				ENABLE_NS_ASSERTIONS = NO;
				ENABLE_STRICT_OBJC_MSGSEND = YES;
				GCC_C_LANGUAGE_STANDARD = gnu11;
				GCC_NO_COMMON_BLOCKS = YES;
				GCC_WARN_64_TO_32_BIT_CONVERSION = YES;
				GCC_WARN_ABOUT_RETURN_TYPE = YES_ERROR;
				GCC_WARN_UNDECLARED_SELECTOR = YES;
				GCC_WARN_UNINITIALIZED_AUTOS = YES_AGGRESSIVE;
				GCC_WARN_UNUSED_FUNCTION = YES;
				GCC_WARN_UNUSED_VARIABLE = YES;
				IPHONEOS_DEPLOYMENT_TARGET = 13.2;
				MTL_ENABLE_DEBUG_INFO = NO;
				MTL_FAST_MATH = YES;
				SDKROOT = iphoneos;
				SWIFT_COMPILATION_MODE = wholemodule;
				SWIFT_OPTIMIZATION_LEVEL = "-O";
				VALIDATE_PRODUCT = YES;
			};
			name = Release;
		};
		02F3DFAF2382E85C00B3D815 /* Debug */ = {
			isa = XCBuildConfiguration;
			buildSettings = {
				ASSETCATALOG_COMPILER_APPICON_NAME = AppIcon;
				CODE_SIGN_STYLE = Automatic;
				DEVELOPMENT_TEAM = 9AAT6U7SLN;
				INFOPLIST_FILE = PongPS/Info.plist;
				LD_RUNPATH_SEARCH_PATHS = (
					"$(inherited)",
					"@executable_path/Frameworks",
				);
				PRODUCT_BUNDLE_IDENTIFIER = com.TAPS.PongPS;
				PRODUCT_NAME = "$(TARGET_NAME)";
				SWIFT_VERSION = 5.0;
				TARGETED_DEVICE_FAMILY = "1,2";
			};
			name = Debug;
		};
		02F3DFB02382E85C00B3D815 /* Release */ = {
			isa = XCBuildConfiguration;
			buildSettings = {
				ASSETCATALOG_COMPILER_APPICON_NAME = AppIcon;
				CODE_SIGN_STYLE = Automatic;
				DEVELOPMENT_TEAM = 9AAT6U7SLN;
				INFOPLIST_FILE = PongPS/Info.plist;
				LD_RUNPATH_SEARCH_PATHS = (
					"$(inherited)",
					"@executable_path/Frameworks",
				);
				PRODUCT_BUNDLE_IDENTIFIER = com.TAPS.PongPS;
				PRODUCT_NAME = "$(TARGET_NAME)";
				SWIFT_VERSION = 5.0;
				TARGETED_DEVICE_FAMILY = "1,2";
			};
			name = Release;
		};
		02F3DFB22382E85C00B3D815 /* Debug */ = {
			isa = XCBuildConfiguration;
			buildSettings = {
				ALWAYS_EMBED_SWIFT_STANDARD_LIBRARIES = YES;
				BUNDLE_LOADER = "$(TEST_HOST)";
				CODE_SIGN_STYLE = Automatic;
				DEVELOPMENT_TEAM = 9AAT6U7SLN;
				INFOPLIST_FILE = PongPSTests/Info.plist;
				IPHONEOS_DEPLOYMENT_TARGET = 13.1;
				LD_RUNPATH_SEARCH_PATHS = (
					"$(inherited)",
					"@executable_path/Frameworks",
					"@loader_path/Frameworks",
				);
				PRODUCT_BUNDLE_IDENTIFIER = com.TAPS.PongPSTests;
				PRODUCT_NAME = "$(TARGET_NAME)";
				SWIFT_VERSION = 5.0;
				TARGETED_DEVICE_FAMILY = "1,2";
				TEST_HOST = "$(BUILT_PRODUCTS_DIR)/PongPS.app/PongPS";
			};
			name = Debug;
		};
		02F3DFB32382E85C00B3D815 /* Release */ = {
			isa = XCBuildConfiguration;
			buildSettings = {
				ALWAYS_EMBED_SWIFT_STANDARD_LIBRARIES = YES;
				BUNDLE_LOADER = "$(TEST_HOST)";
				CODE_SIGN_STYLE = Automatic;
				DEVELOPMENT_TEAM = 9AAT6U7SLN;
				INFOPLIST_FILE = PongPSTests/Info.plist;
				IPHONEOS_DEPLOYMENT_TARGET = 13.1;
				LD_RUNPATH_SEARCH_PATHS = (
					"$(inherited)",
					"@executable_path/Frameworks",
					"@loader_path/Frameworks",
				);
				PRODUCT_BUNDLE_IDENTIFIER = com.TAPS.PongPSTests;
				PRODUCT_NAME = "$(TARGET_NAME)";
				SWIFT_VERSION = 5.0;
				TARGETED_DEVICE_FAMILY = "1,2";
				TEST_HOST = "$(BUILT_PRODUCTS_DIR)/PongPS.app/PongPS";
			};
			name = Release;
		};
		02F3DFB52382E85C00B3D815 /* Debug */ = {
			isa = XCBuildConfiguration;
			buildSettings = {
				ALWAYS_EMBED_SWIFT_STANDARD_LIBRARIES = YES;
				CODE_SIGN_STYLE = Automatic;
				DEVELOPMENT_TEAM = 9AAT6U7SLN;
				INFOPLIST_FILE = PongPSUITests/Info.plist;
				LD_RUNPATH_SEARCH_PATHS = (
					"$(inherited)",
					"@executable_path/Frameworks",
					"@loader_path/Frameworks",
				);
				PRODUCT_BUNDLE_IDENTIFIER = com.TAPS.PongPSUITests;
				PRODUCT_NAME = "$(TARGET_NAME)";
				SWIFT_VERSION = 5.0;
				TARGETED_DEVICE_FAMILY = "1,2";
				TEST_TARGET_NAME = PongPS;
			};
			name = Debug;
		};
		02F3DFB62382E85C00B3D815 /* Release */ = {
			isa = XCBuildConfiguration;
			buildSettings = {
				ALWAYS_EMBED_SWIFT_STANDARD_LIBRARIES = YES;
				CODE_SIGN_STYLE = Automatic;
				DEVELOPMENT_TEAM = 9AAT6U7SLN;
				INFOPLIST_FILE = PongPSUITests/Info.plist;
				LD_RUNPATH_SEARCH_PATHS = (
					"$(inherited)",
					"@executable_path/Frameworks",
					"@loader_path/Frameworks",
				);
				PRODUCT_BUNDLE_IDENTIFIER = com.TAPS.PongPSUITests;
				PRODUCT_NAME = "$(TARGET_NAME)";
				SWIFT_VERSION = 5.0;
				TARGETED_DEVICE_FAMILY = "1,2";
				TEST_TARGET_NAME = PongPS;
			};
			name = Release;
		};
/* End XCBuildConfiguration section */

/* Begin XCConfigurationList section */
		02F3DF7B2382E85900B3D815 /* Build configuration list for PBXProject "PongPS" */ = {
			isa = XCConfigurationList;
			buildConfigurations = (
				02F3DFAC2382E85C00B3D815 /* Debug */,
				02F3DFAD2382E85C00B3D815 /* Release */,
			);
			defaultConfigurationIsVisible = 0;
			defaultConfigurationName = Release;
		};
		02F3DFAE2382E85C00B3D815 /* Build configuration list for PBXNativeTarget "PongPS" */ = {
			isa = XCConfigurationList;
			buildConfigurations = (
				02F3DFAF2382E85C00B3D815 /* Debug */,
				02F3DFB02382E85C00B3D815 /* Release */,
			);
			defaultConfigurationIsVisible = 0;
			defaultConfigurationName = Release;
		};
		02F3DFB12382E85C00B3D815 /* Build configuration list for PBXNativeTarget "PongPSTests" */ = {
			isa = XCConfigurationList;
			buildConfigurations = (
				02F3DFB22382E85C00B3D815 /* Debug */,
				02F3DFB32382E85C00B3D815 /* Release */,
			);
			defaultConfigurationIsVisible = 0;
			defaultConfigurationName = Release;
		};
		02F3DFB42382E85C00B3D815 /* Build configuration list for PBXNativeTarget "PongPSUITests" */ = {
			isa = XCConfigurationList;
			buildConfigurations = (
				02F3DFB52382E85C00B3D815 /* Debug */,
				02F3DFB62382E85C00B3D815 /* Release */,
			);
			defaultConfigurationIsVisible = 0;
			defaultConfigurationName = Release;
		};
/* End XCConfigurationList section */
	};
	rootObject = 02F3DF782382E85900B3D815 /* Project object */;
}
